
Microsoft Visual Studio Solution File, Format Version 12.00
# Visual Studio Version 17
VisualStudioVersion = 17.6.33829.357
MinimumVisualStudioVersion = 10.0.40219.1
Project("{8BC9CEB8-8B4A-11D0-8D11-00A0C91BC942}") = "MFC_Client_2", "MFC_Client_2\MFC_Client_2.vcxproj", "{6FB44FE9-9D2A-4C97-8F9D-BFE7C3D6086E}"
EndProject
Project("{8BC9CEB8-8B4A-11D0-8D11-00A0C91BC942}") = "Server", "Server\Server.vcxproj", "{26CBD26A-A6D6-4A82-84F6-1EF27908ECE4}"
EndProject
Project("{8BC9CEB8-8B4A-11D0-8D11-00A0C91BC942}") = "DBControl", "DBControl\DBControl.vcxproj", "{A30C40D5-EE1A-4C45-BC94-8C4A024FCFFE}"
EndProject
Project("{8BC9CEB8-8B4A-11D0-8D11-00A0C91BC942}") = "SalesDB", "SalesDB\SalesDB.vcxproj", "{5464AB87-573F-4882-99E0-D788A1C240EC}"
EndProject
Project("{8BC9CEB8-8B4A-11D0-8D11-00A0C91BC942}") = "SelLib", "SelLib\SelLib.vcxproj", "{47942CE2-DA9E-4BC4-8E3A-6D60BEA3EEC0}"
EndProject
Project("{8BC9CEB8-8B4A-11D0-8D11-00A0C91BC942}") = "PacketLib", "PacketLib\PacketLib.vcxproj", "{CE65942B-75D6-4199-9EA8-A4A56EACDCF5}"
EndProject
Project("{8BC9CEB8-8B4A-11D0-8D11-00A0C91BC942}") = "S2", "S2\S2.vcxproj", "{F36B217B-FC5F-490A-BC1E-7EE8B91E1CD4}"
EndProject
Project("{8BC9CEB8-8B4A-11D0-8D11-00A0C91BC942}") = "LogLib", "LogLib\LoginReq.vcxproj", "{F31E6276-8BF8-4051-8F4A-2388CB41A63C}"
EndProject
Project("{8BC9CEB8-8B4A-11D0-8D11-00A0C91BC942}") = "RegLib", "RegLib\RegLib.vcxproj", "{03077527-AAE1-4340-9083-97D2958E6665}"
EndProject
Project("{8BC9CEB8-8B4A-11D0-8D11-00A0C91BC942}") = "UserDataLib", "UserDataLib\UserDataLib.vcxproj", "{C9E64CEF-044D-4B7D-94D6-859C44D0F524}"
EndProject
Project("{8BC9CEB8-8B4A-11D0-8D11-00A0C91BC942}") = "UserServer", "UserServer\UserServer.vcxproj", "{B413B6E4-4000-4E85-999A-11010FB99C19}"
EndProject
Project("{8BC9CEB8-8B4A-11D0-8D11-00A0C91BC942}") = "PacketLib_pipe", "PacketLib2\PacketLib2.vcxproj", "{74439939-73C4-4147-B003-60599ECAE8FB}"
EndProject
Global
	GlobalSection(SolutionConfigurationPlatforms) = preSolution
		Debug|x64 = Debug|x64
		Debug|x86 = Debug|x86
		Release|x64 = Release|x64
		Release|x86 = Release|x86
	EndGlobalSection
	GlobalSection(ProjectConfigurationPlatforms) = postSolution
		{6FB44FE9-9D2A-4C97-8F9D-BFE7C3D6086E}.Debug|x64.ActiveCfg = Debug|x64
		{6FB44FE9-9D2A-4C97-8F9D-BFE7C3D6086E}.Debug|x64.Build.0 = Debug|x64
		{6FB44FE9-9D2A-4C97-8F9D-BFE7C3D6086E}.Debug|x86.ActiveCfg = Debug|Win32
		{6FB44FE9-9D2A-4C97-8F9D-BFE7C3D6086E}.Debug|x86.Build.0 = Debug|Win32
		{6FB44FE9-9D2A-4C97-8F9D-BFE7C3D6086E}.Release|x64.ActiveCfg = Release|x64
		{6FB44FE9-9D2A-4C97-8F9D-BFE7C3D6086E}.Release|x64.Build.0 = Release|x64
		{6FB44FE9-9D2A-4C97-8F9D-BFE7C3D6086E}.Release|x86.ActiveCfg = Release|Win32
		{6FB44FE9-9D2A-4C97-8F9D-BFE7C3D6086E}.Release|x86.Build.0 = Release|Win32
		{26CBD26A-A6D6-4A82-84F6-1EF27908ECE4}.Debug|x64.ActiveCfg = Debug|x64
		{26CBD26A-A6D6-4A82-84F6-1EF27908ECE4}.Debug|x64.Build.0 = Debug|x64
		{26CBD26A-A6D6-4A82-84F6-1EF27908ECE4}.Debug|x86.ActiveCfg = Debug|Win32
		{26CBD26A-A6D6-4A82-84F6-1EF27908ECE4}.Debug|x86.Build.0 = Debug|Win32
		{26CBD26A-A6D6-4A82-84F6-1EF27908ECE4}.Release|x64.ActiveCfg = Release|x64
		{26CBD26A-A6D6-4A82-84F6-1EF27908ECE4}.Release|x64.Build.0 = Release|x64
		{26CBD26A-A6D6-4A82-84F6-1EF27908ECE4}.Release|x86.ActiveCfg = Release|Win32
		{26CBD26A-A6D6-4A82-84F6-1EF27908ECE4}.Release|x86.Build.0 = Release|Win32
		{A30C40D5-EE1A-4C45-BC94-8C4A024FCFFE}.Debug|x64.ActiveCfg = Debug|x64
		{A30C40D5-EE1A-4C45-BC94-8C4A024FCFFE}.Debug|x64.Build.0 = Debug|x64
		{A30C40D5-EE1A-4C45-BC94-8C4A024FCFFE}.Debug|x86.ActiveCfg = Debug|Win32
		{A30C40D5-EE1A-4C45-BC94-8C4A024FCFFE}.Debug|x86.Build.0 = Debug|Win32
		{A30C40D5-EE1A-4C45-BC94-8C4A024FCFFE}.Release|x64.ActiveCfg = Release|x64
		{A30C40D5-EE1A-4C45-BC94-8C4A024FCFFE}.Release|x64.Build.0 = Release|x64
		{A30C40D5-EE1A-4C45-BC94-8C4A024FCFFE}.Release|x86.ActiveCfg = Release|Win32
		{A30C40D5-EE1A-4C45-BC94-8C4A024FCFFE}.Release|x86.Build.0 = Release|Win32
		{5464AB87-573F-4882-99E0-D788A1C240EC}.Debug|x64.ActiveCfg = Debug|x64
		{5464AB87-573F-4882-99E0-D788A1C240EC}.Debug|x64.Build.0 = Debug|x64
		{5464AB87-573F-4882-99E0-D788A1C240EC}.Debug|x86.ActiveCfg = Debug|Win32
		{5464AB87-573F-4882-99E0-D788A1C240EC}.Debug|x86.Build.0 = Debug|Win32
		{5464AB87-573F-4882-99E0-D788A1C240EC}.Release|x64.ActiveCfg = Release|x64
		{5464AB87-573F-4882-99E0-D788A1C240EC}.Release|x64.Build.0 = Release|x64
		{5464AB87-573F-4882-99E0-D788A1C240EC}.Release|x86.ActiveCfg = Release|Win32
		{5464AB87-573F-4882-99E0-D788A1C240EC}.Release|x86.Build.0 = Release|Win32
		{47942CE2-DA9E-4BC4-8E3A-6D60BEA3EEC0}.Debug|x64.ActiveCfg = Debug|x64
		{47942CE2-DA9E-4BC4-8E3A-6D60BEA3EEC0}.Debug|x64.Build.0 = Debug|x64
		{47942CE2-DA9E-4BC4-8E3A-6D60BEA3EEC0}.Debug|x86.ActiveCfg = Debug|Win32
		{47942CE2-DA9E-4BC4-8E3A-6D60BEA3EEC0}.Debug|x86.Build.0 = Debug|Win32
		{47942CE2-DA9E-4BC4-8E3A-6D60BEA3EEC0}.Release|x64.ActiveCfg = Release|x64
		{47942CE2-DA9E-4BC4-8E3A-6D60BEA3EEC0}.Release|x64.Build.0 = Release|x64
		{47942CE2-DA9E-4BC4-8E3A-6D60BEA3EEC0}.Release|x86.ActiveCfg = Release|Win32
		{47942CE2-DA9E-4BC4-8E3A-6D60BEA3EEC0}.Release|x86.Build.0 = Release|Win32
		{CE65942B-75D6-4199-9EA8-A4A56EACDCF5}.Debug|x64.ActiveCfg = Debug|x64
		{CE65942B-75D6-4199-9EA8-A4A56EACDCF5}.Debug|x64.Build.0 = Debug|x64
		{CE65942B-75D6-4199-9EA8-A4A56EACDCF5}.Debug|x86.ActiveCfg = Debug|Win32
		{CE65942B-75D6-4199-9EA8-A4A56EACDCF5}.Debug|x86.Build.0 = Debug|Win32
		{CE65942B-75D6-4199-9EA8-A4A56EACDCF5}.Release|x64.ActiveCfg = Release|x64
		{CE65942B-75D6-4199-9EA8-A4A56EACDCF5}.Release|x64.Build.0 = Release|x64
		{CE65942B-75D6-4199-9EA8-A4A56EACDCF5}.Release|x86.ActiveCfg = Release|Win32
		{CE65942B-75D6-4199-9EA8-A4A56EACDCF5}.Release|x86.Build.0 = Release|Win32
		{F36B217B-FC5F-490A-BC1E-7EE8B91E1CD4}.Debug|x64.ActiveCfg = Debug|x64
		{F36B217B-FC5F-490A-BC1E-7EE8B91E1CD4}.Debug|x64.Build.0 = Debug|x64
		{F36B217B-FC5F-490A-BC1E-7EE8B91E1CD4}.Debug|x86.ActiveCfg = Debug|Win32
		{F36B217B-FC5F-490A-BC1E-7EE8B91E1CD4}.Debug|x86.Build.0 = Debug|Win32
		{F36B217B-FC5F-490A-BC1E-7EE8B91E1CD4}.Release|x64.ActiveCfg = Release|x64
		{F36B217B-FC5F-490A-BC1E-7EE8B91E1CD4}.Release|x64.Build.0 = Release|x64
		{F36B217B-FC5F-490A-BC1E-7EE8B91E1CD4}.Release|x86.ActiveCfg = Release|Win32
		{F36B217B-FC5F-490A-BC1E-7EE8B91E1CD4}.Release|x86.Build.0 = Release|Win32
		{F31E6276-8BF8-4051-8F4A-2388CB41A63C}.Debug|x64.ActiveCfg = Debug|x64
		{F31E6276-8BF8-4051-8F4A-2388CB41A63C}.Debug|x64.Build.0 = Debug|x64
		{F31E6276-8BF8-4051-8F4A-2388CB41A63C}.Debug|x86.ActiveCfg = Debug|Win32
		{F31E6276-8BF8-4051-8F4A-2388CB41A63C}.Debug|x86.Build.0 = Debug|Win32
		{F31E6276-8BF8-4051-8F4A-2388CB41A63C}.Release|x64.ActiveCfg = Release|x64
		{F31E6276-8BF8-4051-8F4A-2388CB41A63C}.Release|x64.Build.0 = Release|x64
		{F31E6276-8BF8-4051-8F4A-2388CB41A63C}.Release|x86.ActiveCfg = Release|Win32
		{F31E6276-8BF8-4051-8F4A-2388CB41A63C}.Release|x86.Build.0 = Release|Win32
		{03077527-AAE1-4340-9083-97D2958E6665}.Debug|x64.ActiveCfg = Debug|x64
		{03077527-AAE1-4340-9083-97D2958E6665}.Debug|x64.Build.0 = Debug|x64
		{03077527-AAE1-4340-9083-97D2958E6665}.Debug|x86.ActiveCfg = Debug|Win32
		{03077527-AAE1-4340-9083-97D2958E6665}.Debug|x86.Build.0 = Debug|Win32
		{03077527-AAE1-4340-9083-97D2958E6665}.Release|x64.ActiveCfg = Release|x64
		{03077527-AAE1-4340-9083-97D2958E6665}.Release|x64.Build.0 = Release|x64
		{03077527-AAE1-4340-9083-97D2958E6665}.Release|x86.ActiveCfg = Release|Win32
		{03077527-AAE1-4340-9083-97D2958E6665}.Release|x86.Build.0 = Release|Win32
		{C9E64CEF-044D-4B7D-94D6-859C44D0F524}.Debug|x64.ActiveCfg = Debug|x64
		{C9E64CEF-044D-4B7D-94D6-859C44D0F524}.Debug|x64.Build.0 = Debug|x64
		{C9E64CEF-044D-4B7D-94D6-859C44D0F524}.Debug|x86.ActiveCfg = Debug|Win32
		{C9E64CEF-044D-4B7D-94D6-859C44D0F524}.Debug|x86.Build.0 = Debug|Win32
		{C9E64CEF-044D-4B7D-94D6-859C44D0F524}.Release|x64.ActiveCfg = Release|x64
		{C9E64CEF-044D-4B7D-94D6-859C44D0F524}.Release|x64.Build.0 = Release|x64
		{C9E64CEF-044D-4B7D-94D6-859C44D0F524}.Release|x86.ActiveCfg = Release|Win32
		{C9E64CEF-044D-4B7D-94D6-859C44D0F524}.Release|x86.Build.0 = Release|Win32
		{B413B6E4-4000-4E85-999A-11010FB99C19}.Debug|x64.ActiveCfg = Debug|x64
		{B413B6E4-4000-4E85-999A-11010FB99C19}.Debug|x64.Build.0 = Debug|x64
		{B413B6E4-4000-4E85-999A-11010FB99C19}.Debug|x86.ActiveCfg = Debug|Win32
		{B413B6E4-4000-4E85-999A-11010FB99C19}.Debug|x86.Build.0 = Debug|Win32
		{B413B6E4-4000-4E85-999A-11010FB99C19}.Release|x64.ActiveCfg = Release|x64
		{B413B6E4-4000-4E85-999A-11010FB99C19}.Release|x64.Build.0 = Release|x64
		{B413B6E4-4000-4E85-999A-11010FB99C19}.Release|x86.ActiveCfg = Release|Win32
		{B413B6E4-4000-4E85-999A-11010FB99C19}.Release|x86.Build.0 = Release|Win32
		{74439939-73C4-4147-B003-60599ECAE8FB}.Debug|x64.ActiveCfg = Debug|x64
		{74439939-73C4-4147-B003-60599ECAE8FB}.Debug|x64.Build.0 = Debug|x64
		{74439939-73C4-4147-B003-60599ECAE8FB}.Debug|x86.ActiveCfg = Debug|Win32
		{74439939-73C4-4147-B003-60599ECAE8FB}.Debug|x86.Build.0 = Debug|Win32
		{74439939-73C4-4147-B003-60599ECAE8FB}.Release|x64.ActiveCfg = Release|x64
		{74439939-73C4-4147-B003-60599ECAE8FB}.Release|x64.Build.0 = Release|x64
		{74439939-73C4-4147-B003-60599ECAE8FB}.Release|x86.ActiveCfg = Release|Win32
		{74439939-73C4-4147-B003-60599ECAE8FB}.Release|x86.Build.0 = Release|Win32
	EndGlobalSection
	GlobalSection(SolutionProperties) = preSolution
		HideSolutionNode = FALSE
	EndGlobalSection
	GlobalSection(ExtensibilityGlobals) = postSolution
		SolutionGuid = {8AB5F08E-FF09-482F-82B2-B35B560DFA70}
	EndGlobalSection
EndGlobal
